
Microsoft Visual Studio Solution File, Format Version 12.00
# Visual Studio Version 16
VisualStudioVersion = 16.0.29519.87
MinimumVisualStudioVersion = 10.0.40219.1
Project("{FAE04EC0-301F-11D3-BF4B-00C04F79EFBC}") = "EXEMPLO 04", "EXEMPLO 04.csproj", "{6DC91DAC-0EFE-4CFD-A547-10886413F823}"
EndProject
Global
	GlobalSection(SolutionConfigurationPlatforms) = preSolution
		Debug|Any CPU = Debug|Any CPU
		Release|Any CPU = Release|Any CPU
	EndGlobalSection
	GlobalSection(ProjectConfigurationPlatforms) = postSolution
		{6DC91DAC-0EFE-4CFD-A547-10886413F823}.Debug|Any CPU.ActiveCfg = Debug|Any CPU
		{6DC91DAC-0EFE-4CFD-A547-10886413F823}.Debug|Any CPU.Build.0 = Debug|Any CPU
		{6DC91DAC-0EFE-4CFD-A547-10886413F823}.Release|Any CPU.ActiveCfg = Release|Any CPU
		{6DC91DAC-0EFE-4CFD-A547-10886413F823}.Release|Any CPU.Build.0 = Release|Any CPU
	EndGlobalSection
	GlobalSection(SolutionProperties) = preSolution
		HideSolutionNode = FALSE
	EndGlobalSection
	GlobalSection(ExtensibilityGlobals) = postSolution
		SolutionGuid = {3FEE8CCB-96E3-4F96-A92F-968425088843}
	EndGlobalSection
EndGlobal
